
Microsoft Visual Studio Solution File, Format Version 12.00
# Visual Studio Version 16
VisualStudioVersion = 16.0.30413.136
MinimumVisualStudioVersion = 10.0.40219.1
Project("{FAE04EC0-301F-11D3-BF4B-00C04F79EFBC}") = "LayerTableWatcher", "LayerTableWatcher\LayerTableWatcher.csproj", "{29DA801D-B2B4-40AA-B963-FE1A394BA868}"
EndProject
Global
	GlobalSection(SolutionConfigurationPlatforms) = preSolution
		Debug|Any CPU = Debug|Any CPU
		Release|Any CPU = Release|Any CPU
	EndGlobalSection
	GlobalSection(ProjectConfigurationPlatforms) = postSolution
		{29DA801D-B2B4-40AA-B963-FE1A394BA868}.Debug|Any CPU.ActiveCfg = Debug|Any CPU
		{29DA801D-B2B4-40AA-B963-FE1A394BA868}.Debug|Any CPU.Build.0 = Debug|Any CPU
		{29DA801D-B2B4-40AA-B963-FE1A394BA868}.Release|Any CPU.ActiveCfg = Release|Any CPU
		{29DA801D-B2B4-40AA-B963-FE1A394BA868}.Release|Any CPU.Build.0 = Release|Any CPU
	EndGlobalSection
	GlobalSection(SolutionProperties) = preSolution
		HideSolutionNode = FALSE
	EndGlobalSection
	GlobalSection(ExtensibilityGlobals) = postSolution
		SolutionGuid = {DEEEC1EC-EA4C-41C8-BFE7-D17FD66C7C57}
	EndGlobalSection
EndGlobal
